version = 1
revision = 3
requires-python = ">=3.11"

[[package]]
name = "attrs"
version = "25.3.0"
source = { registry = "https://pypi.org/simple" }
sdist = { url = "https://files.pythonhosted.org/packages/5a/b0/1367933a8532ee6ff8d63537de4f1177af4bff9f3e829baf7331f595bb24/attrs-25.3.0.tar.gz", hash = "sha256:75d7cefc7fb576747b2c81b4442d4d4a1ce0900973527c011d1030fd3bf4af1b", size = 812032, upload-time = "2025-03-13T11:10:22.779Z" }
wheels = [
]

[[package]]
name = "hypothesis"
version = "6.139.2"
source = { registry = "https://pypi.org/simple" }
dependencies = [
    { name = "attrs" },
    { name = "sortedcontainers" },
]
sdist = { url = "https://files.pythonhosted.org/packages/56/8e/f408b1a6d9745bf02c3d56e0788c930add554eee6b88a39bba141e897ac4/hypothesis-6.139.2.tar.gz", hash = "sha256:2dc2ff36ea977a9cb7fb68f24a5dbf5d673b88a2e502212676eafe09b699f511", size = 466099, upload-time = "2025-09-18T03:29:15.855Z" }
wheels = [
    { url = "https://files.pythonhosted.org/packages/7c/81/4a85771072ae39064f114f23716e312771a42bfe3a089cba3da6697dd231/hypothesis-6.139.2-py3-none-any.whl", hash = "sha256:6f466780b7d1db074fb473af14e3111a5dd4fe36c47fcd776cd7c480ae0a02f2", size = 533752, upload-time = "2025-09-18T03:29:12.088Z" },
]

[[package]]
name = "minitorch"
version = "0.5"
source = { editable = "." }
dependencies = [
    { name = "hypothesis" },
]

[package.metadata]
requires-dist = [{ name = "hypothesis", specifier = ">=6.139.2" }]

[[package]]
name = "sortedcontainers"
version = "2.4.0"
source = { registry = "https://pypi.org/simple" }
sdist = { url = "https://files.pythonhosted.org/packages/e8/c4/ba2f8066cceb6f23394729afe52f3bf7adec04bf9ed2c820b39e19299111/sortedcontainers-2.4.0.tar.gz", hash = "sha256:25caa5a06cc30b6b83d11423433f65d1f9d76c4c6a0c90e3379eaa43b9bfdb88", size = 30594, upload-time = "2021-05-16T22:03:42.897Z" }
wheels = [
    { url = "https://files.pythonhosted.org/packages/32/46/9cb0e58b2deb7f82b84065f37f3bffeb12413f947f9388e4cac22c4621ce/sortedcontainers-2.4.0-py2.py3-none-any.whl", hash = "sha256:a163dcaede0f1c021485e957a39245190e74249897e2ae4b2aa38595db237ee0", size = 29575, upload-time = "2021-05-16T22:03:41.177Z" },
]
